
Microsoft Visual Studio Solution File, Format Version 12.00
# Visual Studio Version 16
VisualStudioVersion = 16.0.29230.47
MinimumVisualStudioVersion = 10.0.40219.1
Project("{FAE04EC0-301F-11D3-BF4B-00C04F79EFBC}") = "TrainingAPIProject", "TrainingAPIProject\TrainingAPIProject.csproj", "{4AD0DF3D-37B7-4C2C-A3DE-AE12D25958B4}"
EndProject
Global
	GlobalSection(SolutionConfigurationPlatforms) = preSolution
		Debug|Any CPU = Debug|Any CPU
		Release|Any CPU = Release|Any CPU
	EndGlobalSection
	GlobalSection(ProjectConfigurationPlatforms) = postSolution
		{4AD0DF3D-37B7-4C2C-A3DE-AE12D25958B4}.Debug|Any CPU.ActiveCfg = Debug|Any CPU
		{4AD0DF3D-37B7-4C2C-A3DE-AE12D25958B4}.Debug|Any CPU.Build.0 = Debug|Any CPU
		{4AD0DF3D-37B7-4C2C-A3DE-AE12D25958B4}.Release|Any CPU.ActiveCfg = Release|Any CPU
		{4AD0DF3D-37B7-4C2C-A3DE-AE12D25958B4}.Release|Any CPU.Build.0 = Release|Any CPU
	EndGlobalSection
	GlobalSection(SolutionProperties) = preSolution
		HideSolutionNode = FALSE
	EndGlobalSection
	GlobalSection(ExtensibilityGlobals) = postSolution
		SolutionGuid = {B7ED6CD1-CD64-4B46-9D2C-DE56DC5697B3}
	EndGlobalSection
EndGlobal
